{
  "pins" : [
    {
      "identity" : "suite",
      "kind" : "remoteSourceControl",
      "location" : "https://github.com/ios-tooling/Suite.git",
      "state" : {
        "revision" : "95116e4683826b715b520716dcd6e16e9fa0e8b8",
        "version" : "1.4.22"
      }
    },
    {
      "identity" : "swift-syntax",
      "kind" : "remoteSourceControl",
      "location" : "https://github.com/swiftlang/swift-syntax",
      "state" : {
        "revision" : "2b59c0c741e9184ab057fd22950b491076d42e91",
        "version" : "603.0.0"
      }
    }
  ],
  "version" : 2
}
